
Microsoft Visual Studio Solution File, Format Version 12.00
# Visual Studio Version 17
VisualStudioVersion = 17.14.36616.10 d17.14
MinimumVisualStudioVersion = 10.0.40219.1
Project("{8BC9CEB8-8B4A-11D0-8D11-00A0C91BC942}") = "PZ2.1", "PZ2.1\PZ2.1.vcxproj", "{631A565C-AF8A-41E5-A69F-053916791D8A}"
EndProject
Global
	GlobalSection(SolutionConfigurationPlatforms) = preSolution
		Debug|x64 = Debug|x64
		Debug|x86 = Debug|x86
		Release|x64 = Release|x64
		Release|x86 = Release|x86
	EndGlobalSection
	GlobalSection(ProjectConfigurationPlatforms) = postSolution
		{631A565C-AF8A-41E5-A69F-053916791D8A}.Debug|x64.ActiveCfg = Debug|x64
		{631A565C-AF8A-41E5-A69F-053916791D8A}.Debug|x64.Build.0 = Debug|x64
		{631A565C-AF8A-41E5-A69F-053916791D8A}.Debug|x86.ActiveCfg = Debug|Win32
		{631A565C-AF8A-41E5-A69F-053916791D8A}.Debug|x86.Build.0 = Debug|Win32
		{631A565C-AF8A-41E5-A69F-053916791D8A}.Release|x64.ActiveCfg = Release|x64
		{631A565C-AF8A-41E5-A69F-053916791D8A}.Release|x64.Build.0 = Release|x64
		{631A565C-AF8A-41E5-A69F-053916791D8A}.Release|x86.ActiveCfg = Release|Win32
		{631A565C-AF8A-41E5-A69F-053916791D8A}.Release|x86.Build.0 = Release|Win32
	EndGlobalSection
	GlobalSection(SolutionProperties) = preSolution
		HideSolutionNode = FALSE
	EndGlobalSection
	GlobalSection(ExtensibilityGlobals) = postSolution
		SolutionGuid = {94DFDD1E-1F0D-4776-8489-6AB6043268C2}
	EndGlobalSection
EndGlobal
